{
  "pins" : [
    {
      "identity" : "navigationbackport",
      "kind" : "remoteSourceControl",
      "location" : "https://github.com/johnpatrickmorgan/NavigationBackport",
      "state" : {
        "revision" : "b002991691b54fd7b952e1e780de252620f8ac77",
        "version" : "0.9.1"
      }
    },
    {
      "identity" : "swiftformat",
      "kind" : "remoteSourceControl",
      "location" : "https://github.com/nicklockwood/SwiftFormat",
      "state" : {
        "revision" : "fef156a6135e584985ed26713dd2e9ee41f952cb",
        "version" : "0.53.0"
      }
    }
  ],
  "version" : 2
}
