// !$*UTF8*$!
{
	archiveVersion = 1;
	classes = {
	};
	objectVersion = 56;
	objects = {

/* Begin PBXBuildFile section */
		B82F011E2B5D57AC008D782E /* LayeredArchitectureSampleApp.swift in Sources */ = {isa = PBXBuildFile; fileRef = B82F011D2B5D57AC008D782E /* LayeredArchitectureSampleApp.swift */; };
		B82F01222B5D57B0008D782E /* Assets.xcassets in Resources */ = {isa = PBXBuildFile; fileRef = B82F01212B5D57B0008D782E /* Assets.xcassets */; };
		B82F01252B5D57B0008D782E /* Preview Assets.xcassets in Resources */ = {isa = PBXBuildFile; fileRef = B82F01242B5D57B0008D782E /* Preview Assets.xcassets */; };
		B89FAFFF2B6629AC00D19C23 /* Common in Frameworks */ = {isa = PBXBuildFile; productRef = B89FAFFE2B6629AC00D19C23 /* Common */; };
		B89FB0012B6629AC00D19C23 /* DomainModel in Frameworks */ = {isa = PBXBuildFile; productRef = B89FB0002B6629AC00D19C23 /* DomainModel */; };
		B89FB0032B662B2100D19C23 /* Feature in Frameworks */ = {isa = PBXBuildFile; productRef = B89FB0022B662B2100D19C23 /* Feature */; };
		B89FB0052B662B2100D19C23 /* Infra in Frameworks */ = {isa = PBXBuildFile; productRef = B89FB0042B662B2100D19C23 /* Infra */; };
		B89FB0072B662B2100D19C23 /* Repository in Frameworks */ = {isa = PBXBuildFile; productRef = B89FB0062B662B2100D19C23 /* Repository */; };
		B89FB0092B662B2100D19C23 /* UseCase in Frameworks */ = {isa = PBXBuildFile; productRef = B89FB0082B662B2100D19C23 /* UseCase */; };
/* End PBXBuildFile section */

/* Begin PBXFileReference section */
		B82F011A2B5D57AC008D782E /* LayeredArchitectureSample.app */ = {isa = PBXFileReference; explicitFileType = wrapper.application; includeInIndex = 0; path = LayeredArchitectureSample.app; sourceTree = BUILT_PRODUCTS_DIR; };
		B82F011D2B5D57AC008D782E /* LayeredArchitectureSampleApp.swift */ = {isa = PBXFileReference; lastKnownFileType = sourcecode.swift; path = LayeredArchitectureSampleApp.swift; sourceTree = "<group>"; };
		B82F01212B5D57B0008D782E /* Assets.xcassets */ = {isa = PBXFileReference; lastKnownFileType = folder.assetcatalog; path = Assets.xcassets; sourceTree = "<group>"; };
		B82F01242B5D57B0008D782E /* Preview Assets.xcassets */ = {isa = PBXFileReference; lastKnownFileType = folder.assetcatalog; path = "Preview Assets.xcassets"; sourceTree = "<group>"; };
		B89FAFFC2B66297C00D19C23 /* Info.plist */ = {isa = PBXFileReference; lastKnownFileType = text.plist.xml; path = Info.plist; sourceTree = "<group>"; };
/* End PBXFileReference section */

/* Begin PBXFrameworksBuildPhase section */
		B82F01172B5D57AC008D782E /* Frameworks */ = {
			isa = PBXFrameworksBuildPhase;
			buildActionMask = 2147483647;
			files = (
				B89FB0092B662B2100D19C23 /* UseCase in Frameworks */,
				B89FB0032B662B2100D19C23 /* Feature in Frameworks */,
				B89FB0052B662B2100D19C23 /* Infra in Frameworks */,
				B89FB0072B662B2100D19C23 /* Repository in Frameworks */,
				B89FB0012B6629AC00D19C23 /* DomainModel in Frameworks */,
				B89FAFFF2B6629AC00D19C23 /* Common in Frameworks */,
			);
			runOnlyForDeploymentPostprocessing = 0;
		};
/* End PBXFrameworksBuildPhase section */

/* Begin PBXGroup section */
		B82F01112B5D57AC008D782E = {
			isa = PBXGroup;
			children = (
				B82F011C2B5D57AC008D782E /* LayeredArchitectureSample */,
				B82F011B2B5D57AC008D782E /* Products */,
				B89FAFFD2B6629AC00D19C23 /* Frameworks */,
			);
			sourceTree = "<group>";
		};
		B82F011B2B5D57AC008D782E /* Products */ = {
			isa = PBXGroup;
			children = (
				B82F011A2B5D57AC008D782E /* LayeredArchitectureSample.app */,
			);
			name = Products;
			sourceTree = "<group>";
		};
		B82F011C2B5D57AC008D782E /* LayeredArchitectureSample */ = {
			isa = PBXGroup;
			children = (
				B82F011D2B5D57AC008D782E /* LayeredArchitectureSampleApp.swift */,
				B89FB00B2B662BDA00D19C23 /* Support */,
				B89FB00A2B662BCF00D19C23 /* Resources */,
				B89FB00C2B662C2B00D19C23 /* Preview Content */,
			);
			path = LayeredArchitectureSample;
			sourceTree = "<group>";
		};
		B89FAFFD2B6629AC00D19C23 /* Frameworks */ = {
			isa = PBXGroup;
			children = (
			);
			name = Frameworks;
			sourceTree = "<group>";
		};
		B89FB00A2B662BCF00D19C23 /* Resources */ = {
			isa = PBXGroup;
			children = (
				B82F01212B5D57B0008D782E /* Assets.xcassets */,
			);
			path = Resources;
			sourceTree = "<group>";
		};
		B89FB00B2B662BDA00D19C23 /* Support */ = {
			isa = PBXGroup;
			children = (
				B89FAFFC2B66297C00D19C23 /* Info.plist */,
			);
			path = Support;
			sourceTree = "<group>";
		};
		B89FB00C2B662C2B00D19C23 /* Preview Content */ = {
			isa = PBXGroup;
			children = (
				B82F01242B5D57B0008D782E /* Preview Assets.xcassets */,
			);
			path = "Preview Content";
			sourceTree = "<group>";
		};
/* End PBXGroup section */

/* Begin PBXNativeTarget section */
		B82F01192B5D57AC008D782E /* LayeredArchitectureSample */ = {
			isa = PBXNativeTarget;
			buildConfigurationList = B82F01282B5D57B0008D782E /* Build configuration list for PBXNativeTarget "LayeredArchitectureSample" */;
			buildPhases = (
				B82F01162B5D57AC008D782E /* Sources */,
				B82F01172B5D57AC008D782E /* Frameworks */,
				B82F01182B5D57AC008D782E /* Resources */,
			);
			buildRules = (
			);
			dependencies = (
			);
			name = LayeredArchitectureSample;
			packageProductDependencies = (
				B89FAFFE2B6629AC00D19C23 /* Common */,
				B89FB0002B6629AC00D19C23 /* DomainModel */,
				B89FB0022B662B2100D19C23 /* Feature */,
				B89FB0042B662B2100D19C23 /* Infra */,
				B89FB0062B662B2100D19C23 /* Repository */,
				B89FB0082B662B2100D19C23 /* UseCase */,
			);
			productName = LayeredArchitectureSample;
			productReference = B82F011A2B5D57AC008D782E /* LayeredArchitectureSample.app */;
			productType = "com.apple.product-type.application";
		};
/* End PBXNativeTarget section */

/* Begin PBXProject section */
		B82F01122B5D57AC008D782E /* Project object */ = {
			isa = PBXProject;
			attributes = {
				BuildIndependentTargetsInParallel = 1;
				LastSwiftUpdateCheck = 1510;
				LastUpgradeCheck = 1510;
				TargetAttributes = {
					B82F01192B5D57AC008D782E = {
						CreatedOnToolsVersion = 15.1;
					};
				};
			};
			buildConfigurationList = B82F01152B5D57AC008D782E /* Build configuration list for PBXProject "LayeredArchitectureSample" */;
			compatibilityVersion = "Xcode 14.0";
			developmentRegion = en;
			hasScannedForEncodings = 0;
			knownRegions = (
				en,
				Base,
			);
			mainGroup = B82F01112B5D57AC008D782E;
			productRefGroup = B82F011B2B5D57AC008D782E /* Products */;
			projectDirPath = "";
			projectRoot = "";
			targets = (
				B82F01192B5D57AC008D782E /* LayeredArchitectureSample */,
			);
		};
/* End PBXProject section */

/* Begin PBXResourcesBuildPhase section */
		B82F01182B5D57AC008D782E /* Resources */ = {
			isa = PBXResourcesBuildPhase;
			buildActionMask = 2147483647;
			files = (
				B82F01252B5D57B0008D782E /* Preview Assets.xcassets in Resources */,
				B82F01222B5D57B0008D782E /* Assets.xcassets in Resources */,
			);
			runOnlyForDeploymentPostprocessing = 0;
		};
/* End PBXResourcesBuildPhase section */

/* Begin PBXSourcesBuildPhase section */
		B82F01162B5D57AC008D782E /* Sources */ = {
			isa = PBXSourcesBuildPhase;
			buildActionMask = 2147483647;
			files = (
				B82F011E2B5D57AC008D782E /* LayeredArchitectureSampleApp.swift in Sources */,
			);
			runOnlyForDeploymentPostprocessing = 0;
		};
/* End PBXSourcesBuildPhase section */

/* Begin XCBuildConfiguration section */
		B82F01262B5D57B0008D782E /* Debug */ = {
			isa = XCBuildConfiguration;
			buildSettings = {
				ALWAYS_SEARCH_USER_PATHS = NO;
				ASSETCATALOG_COMPILER_GENERATE_SWIFT_ASSET_SYMBOL_EXTENSIONS = YES;
				CLANG_ANALYZER_NONNULL = YES;
				CLANG_ANALYZER_NUMBER_OBJECT_CONVERSION = YES_AGGRESSIVE;
				CLANG_CXX_LANGUAGE_STANDARD = "gnu++20";
				CLANG_ENABLE_MODULES = YES;
				CLANG_ENABLE_OBJC_ARC = YES;
				CLANG_ENABLE_OBJC_WEAK = YES;
				CLANG_WARN_BLOCK_CAPTURE_AUTORELEASING = YES;
				CLANG_WARN_BOOL_CONVERSION = YES;
				CLANG_WARN_COMMA = YES;
				CLANG_WARN_CONSTANT_CONVERSION = YES;
				CLANG_WARN_DEPRECATED_OBJC_IMPLEMENTATIONS = YES;
				CLANG_WARN_DIRECT_OBJC_ISA_USAGE = YES_ERROR;
				CLANG_WARN_DOCUMENTATION_COMMENTS = YES;
				CLANG_WARN_EMPTY_BODY = YES;
				CLANG_WARN_ENUM_CONVERSION = YES;
				CLANG_WARN_INFINITE_RECURSION = YES;
				CLANG_WARN_INT_CONVERSION = YES;
				CLANG_WARN_NON_LITERAL_NULL_CONVERSION = YES;
				CLANG_WARN_OBJC_IMPLICIT_RETAIN_SELF = YES;
				CLANG_WARN_OBJC_LITERAL_CONVERSION = YES;
				CLANG_WARN_OBJC_ROOT_CLASS = YES_ERROR;
				CLANG_WARN_QUOTED_INCLUDE_IN_FRAMEWORK_HEADER = YES;
				CLANG_WARN_RANGE_LOOP_ANALYSIS = YES;
				CLANG_WARN_STRICT_PROTOTYPES = YES;
				CLANG_WARN_SUSPICIOUS_MOVE = YES;
				CLANG_WARN_UNGUARDED_AVAILABILITY = YES_AGGRESSIVE;
				CLANG_WARN_UNREACHABLE_CODE = YES;
				CLANG_WARN__DUPLICATE_METHOD_MATCH = YES;
				COPY_PHASE_STRIP = NO;
				DEBUG_INFORMATION_FORMAT = dwarf;
				ENABLE_STRICT_OBJC_MSGSEND = YES;
				ENABLE_TESTABILITY = YES;
				ENABLE_USER_SCRIPT_SANDBOXING = YES;
				GCC_C_LANGUAGE_STANDARD = gnu17;
				GCC_DYNAMIC_NO_PIC = NO;
				GCC_NO_COMMON_BLOCKS = YES;
				GCC_OPTIMIZATION_LEVEL = 0;
				GCC_PREPROCESSOR_DEFINITIONS = (
					"DEBUG=1",
					"$(inherited)",
				);
				GCC_WARN_64_TO_32_BIT_CONVERSION = YES;
				GCC_WARN_ABOUT_RETURN_TYPE = YES_ERROR;
				GCC_WARN_UNDECLARED_SELECTOR = YES;
				GCC_WARN_UNINITIALIZED_AUTOS = YES_AGGRESSIVE;
				GCC_WARN_UNUSED_FUNCTION = YES;
				GCC_WARN_UNUSED_VARIABLE = YES;
				IPHONEOS_DEPLOYMENT_TARGET = 17.2;
				LOCALIZATION_PREFERS_STRING_CATALOGS = YES;
				MTL_ENABLE_DEBUG_INFO = INCLUDE_SOURCE;
				MTL_FAST_MATH = YES;
				ONLY_ACTIVE_ARCH = YES;
				SDKROOT = iphoneos;
				SWIFT_ACTIVE_COMPILATION_CONDITIONS = "DEBUG $(inherited)";
				SWIFT_OPTIMIZATION_LEVEL = "-Onone";
			};
			name = Debug;
		};
		B82F01272B5D57B0008D782E /* Release */ = {
			isa = XCBuildConfiguration;
			buildSettings = {
				ALWAYS_SEARCH_USER_PATHS = NO;
				ASSETCATALOG_COMPILER_GENERATE_SWIFT_ASSET_SYMBOL_EXTENSIONS = YES;
				CLANG_ANALYZER_NONNULL = YES;
				CLANG_ANALYZER_NUMBER_OBJECT_CONVERSION = YES_AGGRESSIVE;
				CLANG_CXX_LANGUAGE_STANDARD = "gnu++20";
				CLANG_ENABLE_MODULES = YES;
				CLANG_ENABLE_OBJC_ARC = YES;
				CLANG_ENABLE_OBJC_WEAK = YES;
				CLANG_WARN_BLOCK_CAPTURE_AUTORELEASING = YES;
				CLANG_WARN_BOOL_CONVERSION = YES;
				CLANG_WARN_COMMA = YES;
				CLANG_WARN_CONSTANT_CONVERSION = YES;
				CLANG_WARN_DEPRECATED_OBJC_IMPLEMENTATIONS = YES;
				CLANG_WARN_DIRECT_OBJC_ISA_USAGE = YES_ERROR;
				CLANG_WARN_DOCUMENTATION_COMMENTS = YES;
				CLANG_WARN_EMPTY_BODY = YES;
				CLANG_WARN_ENUM_CONVERSION = YES;
				CLANG_WARN_INFINITE_RECURSION = YES;
				CLANG_WARN_INT_CONVERSION = YES;
				CLANG_WARN_NON_LITERAL_NULL_CONVERSION = YES;
				CLANG_WARN_OBJC_IMPLICIT_RETAIN_SELF = YES;
				CLANG_WARN_OBJC_LITERAL_CONVERSION = YES;
				CLANG_WARN_OBJC_ROOT_CLASS = YES_ERROR;
				CLANG_WARN_QUOTED_INCLUDE_IN_FRAMEWORK_HEADER = YES;
				CLANG_WARN_RANGE_LOOP_ANALYSIS = YES;
				CLANG_WARN_STRICT_PROTOTYPES = YES;
				CLANG_WARN_SUSPICIOUS_MOVE = YES;
				CLANG_WARN_UNGUARDED_AVAILABILITY = YES_AGGRESSIVE;
				CLANG_WARN_UNREACHABLE_CODE = YES;
				CLANG_WARN__DUPLICATE_METHOD_MATCH = YES;
				COPY_PHASE_STRIP = NO;
				DEBUG_INFORMATION_FORMAT = "dwarf-with-dsym";
				ENABLE_NS_ASSERTIONS = NO;
				ENABLE_STRICT_OBJC_MSGSEND = YES;
				ENABLE_USER_SCRIPT_SANDBOXING = YES;
				GCC_C_LANGUAGE_STANDARD = gnu17;
				GCC_NO_COMMON_BLOCKS = YES;
				GCC_WARN_64_TO_32_BIT_CONVERSION = YES;
				GCC_WARN_ABOUT_RETURN_TYPE = YES_ERROR;
				GCC_WARN_UNDECLARED_SELECTOR = YES;
				GCC_WARN_UNINITIALIZED_AUTOS = YES_AGGRESSIVE;
				GCC_WARN_UNUSED_FUNCTION = YES;
				GCC_WARN_UNUSED_VARIABLE = YES;
				IPHONEOS_DEPLOYMENT_TARGET = 17.2;
				LOCALIZATION_PREFERS_STRING_CATALOGS = YES;
				MTL_ENABLE_DEBUG_INFO = NO;
				MTL_FAST_MATH = YES;
				SDKROOT = iphoneos;
				SWIFT_COMPILATION_MODE = wholemodule;
				VALIDATE_PRODUCT = YES;
			};
			name = Release;
		};
		B82F01292B5D57B0008D782E /* Debug */ = {
			isa = XCBuildConfiguration;
			buildSettings = {
				ASSETCATALOG_COMPILER_APPICON_NAME = AppIcon;
				ASSETCATALOG_COMPILER_GLOBAL_ACCENT_COLOR_NAME = AccentColor;
				CODE_SIGN_STYLE = Automatic;
				CURRENT_PROJECT_VERSION = 1;
				DEVELOPMENT_ASSET_PATHS = "\"LayeredArchitectureSample/Preview Content\"";
				DEVELOPMENT_TEAM = 3YL7JSN5AR;
				ENABLE_PREVIEWS = YES;
				ENABLE_USER_SCRIPT_SANDBOXING = NO;
				GENERATE_INFOPLIST_FILE = YES;
				INFOPLIST_FILE = LayeredArchitectureSample/Support/Info.plist;
				INFOPLIST_KEY_UIApplicationSceneManifest_Generation = YES;
				INFOPLIST_KEY_UIApplicationSupportsIndirectInputEvents = YES;
				INFOPLIST_KEY_UILaunchScreen_Generation = YES;
				INFOPLIST_KEY_UISupportedInterfaceOrientations_iPad = "UIInterfaceOrientationPortrait UIInterfaceOrientationPortraitUpsideDown UIInterfaceOrientationLandscapeLeft UIInterfaceOrientationLandscapeRight";
				INFOPLIST_KEY_UISupportedInterfaceOrientations_iPhone = "UIInterfaceOrientationPortrait UIInterfaceOrientationLandscapeLeft UIInterfaceOrientationLandscapeRight";
				LD_RUNPATH_SEARCH_PATHS = (
					"$(inherited)",
					"@executable_path/Frameworks",
				);
				MARKETING_VERSION = 1.0;
				PRODUCT_BUNDLE_IDENTIFIER = "com.charlie-dev.LayeredArchitectureSample";
				PRODUCT_NAME = "$(TARGET_NAME)";
				SWIFT_EMIT_LOC_STRINGS = YES;
				SWIFT_VERSION = 5.0;
				TARGETED_DEVICE_FAMILY = "1,2";
			};
			name = Debug;
		};
		B82F012A2B5D57B0008D782E /* Release */ = {
			isa = XCBuildConfiguration;
			buildSettings = {
				ASSETCATALOG_COMPILER_APPICON_NAME = AppIcon;
				ASSETCATALOG_COMPILER_GLOBAL_ACCENT_COLOR_NAME = AccentColor;
				CODE_SIGN_STYLE = Automatic;
				CURRENT_PROJECT_VERSION = 1;
				DEVELOPMENT_ASSET_PATHS = "\"LayeredArchitectureSample/Preview Content\"";
				DEVELOPMENT_TEAM = 3YL7JSN5AR;
				ENABLE_PREVIEWS = YES;
				ENABLE_USER_SCRIPT_SANDBOXING = NO;
				GENERATE_INFOPLIST_FILE = YES;
				INFOPLIST_FILE = LayeredArchitectureSample/Support/Info.plist;
				INFOPLIST_KEY_UIApplicationSceneManifest_Generation = YES;
				INFOPLIST_KEY_UIApplicationSupportsIndirectInputEvents = YES;
				INFOPLIST_KEY_UILaunchScreen_Generation = YES;
				INFOPLIST_KEY_UISupportedInterfaceOrientations_iPad = "UIInterfaceOrientationPortrait UIInterfaceOrientationPortraitUpsideDown UIInterfaceOrientationLandscapeLeft UIInterfaceOrientationLandscapeRight";
				INFOPLIST_KEY_UISupportedInterfaceOrientations_iPhone = "UIInterfaceOrientationPortrait UIInterfaceOrientationLandscapeLeft UIInterfaceOrientationLandscapeRight";
				LD_RUNPATH_SEARCH_PATHS = (
					"$(inherited)",
					"@executable_path/Frameworks",
				);
				MARKETING_VERSION = 1.0;
				PRODUCT_BUNDLE_IDENTIFIER = "com.charlie-dev.LayeredArchitectureSample";
				PRODUCT_NAME = "$(TARGET_NAME)";
				SWIFT_EMIT_LOC_STRINGS = YES;
				SWIFT_VERSION = 5.0;
				TARGETED_DEVICE_FAMILY = "1,2";
			};
			name = Release;
		};
/* End XCBuildConfiguration section */

/* Begin XCConfigurationList section */
		B82F01152B5D57AC008D782E /* Build configuration list for PBXProject "LayeredArchitectureSample" */ = {
			isa = XCConfigurationList;
			buildConfigurations = (
				B82F01262B5D57B0008D782E /* Debug */,
				B82F01272B5D57B0008D782E /* Release */,
			);
			defaultConfigurationIsVisible = 0;
			defaultConfigurationName = Release;
		};
		B82F01282B5D57B0008D782E /* Build configuration list for PBXNativeTarget "LayeredArchitectureSample" */ = {
			isa = XCConfigurationList;
			buildConfigurations = (
				B82F01292B5D57B0008D782E /* Debug */,
				B82F012A2B5D57B0008D782E /* Release */,
			);
			defaultConfigurationIsVisible = 0;
			defaultConfigurationName = Release;
		};
/* End XCConfigurationList section */

/* Begin XCSwiftPackageProductDependency section */
		B89FAFFE2B6629AC00D19C23 /* Common */ = {
			isa = XCSwiftPackageProductDependency;
			productName = Common;
		};
		B89FB0002B6629AC00D19C23 /* DomainModel */ = {
			isa = XCSwiftPackageProductDependency;
			productName = DomainModel;
		};
		B89FB0022B662B2100D19C23 /* Feature */ = {
			isa = XCSwiftPackageProductDependency;
			productName = Feature;
		};
		B89FB0042B662B2100D19C23 /* Infra */ = {
			isa = XCSwiftPackageProductDependency;
			productName = Infra;
		};
		B89FB0062B662B2100D19C23 /* Repository */ = {
			isa = XCSwiftPackageProductDependency;
			productName = Repository;
		};
		B89FB0082B662B2100D19C23 /* UseCase */ = {
			isa = XCSwiftPackageProductDependency;
			productName = UseCase;
		};
/* End XCSwiftPackageProductDependency section */
	};
	rootObject = B82F01122B5D57AC008D782E /* Project object */;
}
